
Microsoft Visual Studio Solution File, Format Version 12.00
# Visual Studio Version 17
VisualStudioVersion = 17.7.34031.279
MinimumVisualStudioVersion = 10.0.40219.1
Project("{FAE04EC0-301F-11D3-BF4B-00C04F79EFBC}") = "BulkyBookWeb", "BulkyBookWeb\BulkyBookWeb.csproj", "{0E72CE7E-35A0-4CC3-8AC0-A5602EB93772}"
EndProject
Global
	GlobalSection(SolutionConfigurationPlatforms) = preSolution
		Debug|Any CPU = Debug|Any CPU
		Release|Any CPU = Release|Any CPU
	EndGlobalSection
	GlobalSection(ProjectConfigurationPlatforms) = postSolution
		{0E72CE7E-35A0-4CC3-8AC0-A5602EB93772}.Debug|Any CPU.ActiveCfg = Debug|Any CPU
		{0E72CE7E-35A0-4CC3-8AC0-A5602EB93772}.Debug|Any CPU.Build.0 = Debug|Any CPU
		{0E72CE7E-35A0-4CC3-8AC0-A5602EB93772}.Release|Any CPU.ActiveCfg = Release|Any CPU
		{0E72CE7E-35A0-4CC3-8AC0-A5602EB93772}.Release|Any CPU.Build.0 = Release|Any CPU
	EndGlobalSection
	GlobalSection(SolutionProperties) = preSolution
		HideSolutionNode = FALSE
	EndGlobalSection
	GlobalSection(ExtensibilityGlobals) = postSolution
		SolutionGuid = {41750E9E-9D13-40C9-9C9E-20E9332BA036}
	EndGlobalSection
EndGlobal
