
Microsoft Visual Studio Solution File, Format Version 12.00
# Visual Studio Version 17
VisualStudioVersion = 17.7.34031.279
MinimumVisualStudioVersion = 10.0.40219.1
Project("{9A19103F-16F7-4668-BE54-9A1E7A4F7556}") = "BulkyBookWeb", "BulkyBookWeb\BulkyBookWeb.csproj", "{0E72CE7E-35A0-4CC3-8AC0-A5602EB93772}"
EndProject
Project("{FAE04EC0-301F-11D3-BF4B-00C04F79EFBC}") = "Bulky.DataAcess", "Bulky.DataAcess\Bulky.DataAcess.csproj", "{51D84AD0-1222-4E76-A982-2EAC748017C9}"
EndProject
Project("{FAE04EC0-301F-11D3-BF4B-00C04F79EFBC}") = "Bulky.Models", "Bulky.Models\Bulky.Models.csproj", "{03E392A8-6D04-42FD-9F24-05903BA7E605}"
EndProject
Project("{FAE04EC0-301F-11D3-BF4B-00C04F79EFBC}") = "Bulky.Utility", "Bulky.Utility\Bulky.Utility.csproj", "{E4756B90-B53C-4A12-8592-1B3E88253048}"
EndProject
Global
	GlobalSection(SolutionConfigurationPlatforms) = preSolution
		Debug|Any CPU = Debug|Any CPU
		Release|Any CPU = Release|Any CPU
	EndGlobalSection
	GlobalSection(ProjectConfigurationPlatforms) = postSolution
		{0E72CE7E-35A0-4CC3-8AC0-A5602EB93772}.Debug|Any CPU.ActiveCfg = Debug|Any CPU
		{0E72CE7E-35A0-4CC3-8AC0-A5602EB93772}.Debug|Any CPU.Build.0 = Debug|Any CPU
		{0E72CE7E-35A0-4CC3-8AC0-A5602EB93772}.Release|Any CPU.ActiveCfg = Release|Any CPU
		{0E72CE7E-35A0-4CC3-8AC0-A5602EB93772}.Release|Any CPU.Build.0 = Release|Any CPU
		{51D84AD0-1222-4E76-A982-2EAC748017C9}.Debug|Any CPU.ActiveCfg = Debug|Any CPU
		{51D84AD0-1222-4E76-A982-2EAC748017C9}.Debug|Any CPU.Build.0 = Debug|Any CPU
		{51D84AD0-1222-4E76-A982-2EAC748017C9}.Release|Any CPU.ActiveCfg = Release|Any CPU
		{51D84AD0-1222-4E76-A982-2EAC748017C9}.Release|Any CPU.Build.0 = Release|Any CPU
		{03E392A8-6D04-42FD-9F24-05903BA7E605}.Debug|Any CPU.ActiveCfg = Debug|Any CPU
		{03E392A8-6D04-42FD-9F24-05903BA7E605}.Debug|Any CPU.Build.0 = Debug|Any CPU
		{03E392A8-6D04-42FD-9F24-05903BA7E605}.Release|Any CPU.ActiveCfg = Release|Any CPU
		{03E392A8-6D04-42FD-9F24-05903BA7E605}.Release|Any CPU.Build.0 = Release|Any CPU
		{E4756B90-B53C-4A12-8592-1B3E88253048}.Debug|Any CPU.ActiveCfg = Debug|Any CPU
		{E4756B90-B53C-4A12-8592-1B3E88253048}.Debug|Any CPU.Build.0 = Debug|Any CPU
		{E4756B90-B53C-4A12-8592-1B3E88253048}.Release|Any CPU.ActiveCfg = Release|Any CPU
		{E4756B90-B53C-4A12-8592-1B3E88253048}.Release|Any CPU.Build.0 = Release|Any CPU
	EndGlobalSection
	GlobalSection(SolutionProperties) = preSolution
		HideSolutionNode = FALSE
	EndGlobalSection
	GlobalSection(ExtensibilityGlobals) = postSolution
		SolutionGuid = {41750E9E-9D13-40C9-9C9E-20E9332BA036}
	EndGlobalSection
EndGlobal
